
Microsoft Visual Studio Solution File, Format Version 12.00
# Visual Studio Version 16
VisualStudioVersion = 16.0.29905.134
MinimumVisualStudioVersion = 10.0.40219.1
Project("{FAE04EC0-301F-11D3-BF4B-00C04F79EFBC}") = "Laboratorio 2", "Laboratorio 2\Laboratorio 2.csproj", "{DC117712-E2E5-49E1-9492-B32F49FE790D}"
EndProject
Global
	GlobalSection(SolutionConfigurationPlatforms) = preSolution
		Debug|Any CPU = Debug|Any CPU
		Release|Any CPU = Release|Any CPU
	EndGlobalSection
	GlobalSection(ProjectConfigurationPlatforms) = postSolution
		{DC117712-E2E5-49E1-9492-B32F49FE790D}.Debug|Any CPU.ActiveCfg = Debug|Any CPU
		{DC117712-E2E5-49E1-9492-B32F49FE790D}.Debug|Any CPU.Build.0 = Debug|Any CPU
		{DC117712-E2E5-49E1-9492-B32F49FE790D}.Release|Any CPU.ActiveCfg = Release|Any CPU
		{DC117712-E2E5-49E1-9492-B32F49FE790D}.Release|Any CPU.Build.0 = Release|Any CPU
	EndGlobalSection
	GlobalSection(SolutionProperties) = preSolution
		HideSolutionNode = FALSE
	EndGlobalSection
	GlobalSection(ExtensibilityGlobals) = postSolution
		SolutionGuid = {6AC57515-2843-4E53-9CDA-76D041B9A328}
	EndGlobalSection
EndGlobal
